// !$*UTF8*$!
{
	archiveVersion = 1;
	classes = {
	};
	objectVersion = 50;
	objects = {

/* Begin PBXBuildFile section */
		8D5A32E6269F0ACF00CC958C /* WeatherManager.swift in Sources */ = {isa = PBXBuildFile; fileRef = 8D5A32E5269F0ACF00CC958C /* WeatherManager.swift */; };
		8DA8807A269C060A0073B5DE /* AppDelegate.swift in Sources */ = {isa = PBXBuildFile; fileRef = 8DA88079269C060A0073B5DE /* AppDelegate.swift */; };
		8DA8807C269C060A0073B5DE /* SceneDelegate.swift in Sources */ = {isa = PBXBuildFile; fileRef = 8DA8807B269C060A0073B5DE /* SceneDelegate.swift */; };
		8DA8807E269C060A0073B5DE /* ViewController.swift in Sources */ = {isa = PBXBuildFile; fileRef = 8DA8807D269C060A0073B5DE /* ViewController.swift */; };
		8DA88081269C060A0073B5DE /* Main.storyboard in Resources */ = {isa = PBXBuildFile; fileRef = 8DA8807F269C060A0073B5DE /* Main.storyboard */; };
		8DA88083269C060C0073B5DE /* Assets.xcassets in Resources */ = {isa = PBXBuildFile; fileRef = 8DA88082269C060C0073B5DE /* Assets.xcassets */; };
		8DA88086269C060C0073B5DE /* LaunchScreen.storyboard in Resources */ = {isa = PBXBuildFile; fileRef = 8DA88084269C060C0073B5DE /* LaunchScreen.storyboard */; };
		8DE00A3126A009E900A05C19 /* WeatherData.swift in Sources */ = {isa = PBXBuildFile; fileRef = 8DE00A3026A009E900A05C19 /* WeatherData.swift */; };
		8DE00A3326A011AA00A05C19 /* WeatherModel.swift in Sources */ = {isa = PBXBuildFile; fileRef = 8DE00A3226A011AA00A05C19 /* WeatherModel.swift */; };
/* End PBXBuildFile section */

/* Begin PBXFileReference section */
		8D5A32E5269F0ACF00CC958C /* WeatherManager.swift */ = {isa = PBXFileReference; lastKnownFileType = sourcecode.swift; path = WeatherManager.swift; sourceTree = "<group>"; };
		8DA88076269C060A0073B5DE /* Clima.app */ = {isa = PBXFileReference; explicitFileType = wrapper.application; includeInIndex = 0; path = Clima.app; sourceTree = BUILT_PRODUCTS_DIR; };
		8DA88079269C060A0073B5DE /* AppDelegate.swift */ = {isa = PBXFileReference; lastKnownFileType = sourcecode.swift; path = AppDelegate.swift; sourceTree = "<group>"; };
		8DA8807B269C060A0073B5DE /* SceneDelegate.swift */ = {isa = PBXFileReference; lastKnownFileType = sourcecode.swift; path = SceneDelegate.swift; sourceTree = "<group>"; };
		8DA8807D269C060A0073B5DE /* ViewController.swift */ = {isa = PBXFileReference; lastKnownFileType = sourcecode.swift; path = ViewController.swift; sourceTree = "<group>"; };
		8DA88080269C060A0073B5DE /* Base */ = {isa = PBXFileReference; lastKnownFileType = file.storyboard; name = Base; path = Base.lproj/Main.storyboard; sourceTree = "<group>"; };
		8DA88082269C060C0073B5DE /* Assets.xcassets */ = {isa = PBXFileReference; lastKnownFileType = folder.assetcatalog; path = Assets.xcassets; sourceTree = "<group>"; };
		8DA88085269C060C0073B5DE /* Base */ = {isa = PBXFileReference; lastKnownFileType = file.storyboard; name = Base; path = Base.lproj/LaunchScreen.storyboard; sourceTree = "<group>"; };
		8DA88087269C060C0073B5DE /* Info.plist */ = {isa = PBXFileReference; lastKnownFileType = text.plist.xml; path = Info.plist; sourceTree = "<group>"; };
		8DE00A3026A009E900A05C19 /* WeatherData.swift */ = {isa = PBXFileReference; lastKnownFileType = sourcecode.swift; path = WeatherData.swift; sourceTree = "<group>"; };
		8DE00A3226A011AA00A05C19 /* WeatherModel.swift */ = {isa = PBXFileReference; lastKnownFileType = sourcecode.swift; path = WeatherModel.swift; sourceTree = "<group>"; };
/* End PBXFileReference section */

/* Begin PBXFrameworksBuildPhase section */
		8DA88073269C060A0073B5DE /* Frameworks */ = {
			isa = PBXFrameworksBuildPhase;
			buildActionMask = 2147483647;
			files = (
			);
			runOnlyForDeploymentPostprocessing = 0;
		};
/* End PBXFrameworksBuildPhase section */

/* Begin PBXGroup section */
		8D5A32E2269F0A5900CC958C /* View */ = {
			isa = PBXGroup;
			children = (
				8DA8807F269C060A0073B5DE /* Main.storyboard */,
			);
			path = View;
			sourceTree = "<group>";
		};
		8D5A32E3269F0A6800CC958C /* Controller */ = {
			isa = PBXGroup;
			children = (
				8DA8807D269C060A0073B5DE /* ViewController.swift */,
			);
			path = Controller;
			sourceTree = "<group>";
		};
		8D5A32E4269F0A7900CC958C /* Model */ = {
			isa = PBXGroup;
			children = (
				8D5A32E5269F0ACF00CC958C /* WeatherManager.swift */,
				8DE00A3026A009E900A05C19 /* WeatherData.swift */,
				8DE00A3226A011AA00A05C19 /* WeatherModel.swift */,
			);
			path = Model;
			sourceTree = "<group>";
		};
		8DA8806D269C060A0073B5DE = {
			isa = PBXGroup;
			children = (
				8DA88078269C060A0073B5DE /* Clima */,
				8DA88077269C060A0073B5DE /* Products */,
			);
			sourceTree = "<group>";
		};
		8DA88077269C060A0073B5DE /* Products */ = {
			isa = PBXGroup;
			children = (
				8DA88076269C060A0073B5DE /* Clima.app */,
			);
			name = Products;
			sourceTree = "<group>";
		};
		8DA88078269C060A0073B5DE /* Clima */ = {
			isa = PBXGroup;
			children = (
				8DA88079269C060A0073B5DE /* AppDelegate.swift */,
				8DA8807B269C060A0073B5DE /* SceneDelegate.swift */,
				8D5A32E4269F0A7900CC958C /* Model */,
				8D5A32E2269F0A5900CC958C /* View */,
				8D5A32E3269F0A6800CC958C /* Controller */,
				8DA88082269C060C0073B5DE /* Assets.xcassets */,
				8DA88084269C060C0073B5DE /* LaunchScreen.storyboard */,
				8DA88087269C060C0073B5DE /* Info.plist */,
			);
			path = Clima;
			sourceTree = "<group>";
		};
/* End PBXGroup section */

/* Begin PBXNativeTarget section */
		8DA88075269C060A0073B5DE /* Clima */ = {
			isa = PBXNativeTarget;
			buildConfigurationList = 8DA8808A269C060C0073B5DE /* Build configuration list for PBXNativeTarget "Clima" */;
			buildPhases = (
				8DA88072269C060A0073B5DE /* Sources */,
				8DA88073269C060A0073B5DE /* Frameworks */,
				8DA88074269C060A0073B5DE /* Resources */,
			);
			buildRules = (
			);
			dependencies = (
			);
			name = Clima;
			productName = Clima;
			productReference = 8DA88076269C060A0073B5DE /* Clima.app */;
			productType = "com.apple.product-type.application";
		};
/* End PBXNativeTarget section */

/* Begin PBXProject section */
		8DA8806E269C060A0073B5DE /* Project object */ = {
			isa = PBXProject;
			attributes = {
				LastSwiftUpdateCheck = 1250;
				LastUpgradeCheck = 1250;
				TargetAttributes = {
					8DA88075269C060A0073B5DE = {
						CreatedOnToolsVersion = 12.5;
					};
				};
			};
			buildConfigurationList = 8DA88071269C060A0073B5DE /* Build configuration list for PBXProject "Clima" */;
			compatibilityVersion = "Xcode 9.3";
			developmentRegion = en;
			hasScannedForEncodings = 0;
			knownRegions = (
				en,
				Base,
			);
			mainGroup = 8DA8806D269C060A0073B5DE;
			productRefGroup = 8DA88077269C060A0073B5DE /* Products */;
			projectDirPath = "";
			projectRoot = "";
			targets = (
				8DA88075269C060A0073B5DE /* Clima */,
			);
		};
/* End PBXProject section */

/* Begin PBXResourcesBuildPhase section */
		8DA88074269C060A0073B5DE /* Resources */ = {
			isa = PBXResourcesBuildPhase;
			buildActionMask = 2147483647;
			files = (
				8DA88086269C060C0073B5DE /* LaunchScreen.storyboard in Resources */,
				8DA88083269C060C0073B5DE /* Assets.xcassets in Resources */,
				8DA88081269C060A0073B5DE /* Main.storyboard in Resources */,
			);
			runOnlyForDeploymentPostprocessing = 0;
		};
/* End PBXResourcesBuildPhase section */

/* Begin PBXSourcesBuildPhase section */
		8DA88072269C060A0073B5DE /* Sources */ = {
			isa = PBXSourcesBuildPhase;
			buildActionMask = 2147483647;
			files = (
				8DA8807E269C060A0073B5DE /* ViewController.swift in Sources */,
				8DE00A3126A009E900A05C19 /* WeatherData.swift in Sources */,
				8DA8807A269C060A0073B5DE /* AppDelegate.swift in Sources */,
				8D5A32E6269F0ACF00CC958C /* WeatherManager.swift in Sources */,
				8DE00A3326A011AA00A05C19 /* WeatherModel.swift in Sources */,
				8DA8807C269C060A0073B5DE /* SceneDelegate.swift in Sources */,
			);
			runOnlyForDeploymentPostprocessing = 0;
		};
/* End PBXSourcesBuildPhase section */

/* Begin PBXVariantGroup section */
		8DA8807F269C060A0073B5DE /* Main.storyboard */ = {
			isa = PBXVariantGroup;
			children = (
				8DA88080269C060A0073B5DE /* Base */,
			);
			name = Main.storyboard;
			sourceTree = "<group>";
		};
		8DA88084269C060C0073B5DE /* LaunchScreen.storyboard */ = {
			isa = PBXVariantGroup;
			children = (
				8DA88085269C060C0073B5DE /* Base */,
			);
			name = LaunchScreen.storyboard;
			sourceTree = "<group>";
		};
/* End PBXVariantGroup section */

/* Begin XCBuildConfiguration section */
		8DA88088269C060C0073B5DE /* Debug */ = {
			isa = XCBuildConfiguration;
			buildSettings = {
				ALWAYS_SEARCH_USER_PATHS = NO;
				CLANG_ANALYZER_NONNULL = YES;
				CLANG_ANALYZER_NUMBER_OBJECT_CONVERSION = YES_AGGRESSIVE;
				CLANG_CXX_LANGUAGE_STANDARD = "gnu++14";
				CLANG_CXX_LIBRARY = "libc++";
				CLANG_ENABLE_MODULES = YES;
				CLANG_ENABLE_OBJC_ARC = YES;
				CLANG_ENABLE_OBJC_WEAK = YES;
				CLANG_WARN_BLOCK_CAPTURE_AUTORELEASING = YES;
				CLANG_WARN_BOOL_CONVERSION = YES;
				CLANG_WARN_COMMA = YES;
				CLANG_WARN_CONSTANT_CONVERSION = YES;
				CLANG_WARN_DEPRECATED_OBJC_IMPLEMENTATIONS = YES;
				CLANG_WARN_DIRECT_OBJC_ISA_USAGE = YES_ERROR;
				CLANG_WARN_DOCUMENTATION_COMMENTS = YES;
				CLANG_WARN_EMPTY_BODY = YES;
				CLANG_WARN_ENUM_CONVERSION = YES;
				CLANG_WARN_INFINITE_RECURSION = YES;
				CLANG_WARN_INT_CONVERSION = YES;
				CLANG_WARN_NON_LITERAL_NULL_CONVERSION = YES;
				CLANG_WARN_OBJC_IMPLICIT_RETAIN_SELF = YES;
				CLANG_WARN_OBJC_LITERAL_CONVERSION = YES;
				CLANG_WARN_OBJC_ROOT_CLASS = YES_ERROR;
				CLANG_WARN_QUOTED_INCLUDE_IN_FRAMEWORK_HEADER = YES;
				CLANG_WARN_RANGE_LOOP_ANALYSIS = YES;
				CLANG_WARN_STRICT_PROTOTYPES = YES;
				CLANG_WARN_SUSPICIOUS_MOVE = YES;
				CLANG_WARN_UNGUARDED_AVAILABILITY = YES_AGGRESSIVE;
				CLANG_WARN_UNREACHABLE_CODE = YES;
				CLANG_WARN__DUPLICATE_METHOD_MATCH = YES;
				COPY_PHASE_STRIP = NO;
				DEBUG_INFORMATION_FORMAT = dwarf;
				ENABLE_STRICT_OBJC_MSGSEND = YES;
				ENABLE_TESTABILITY = YES;
				GCC_C_LANGUAGE_STANDARD = gnu11;
				GCC_DYNAMIC_NO_PIC = NO;
				GCC_NO_COMMON_BLOCKS = YES;
				GCC_OPTIMIZATION_LEVEL = 0;
				GCC_PREPROCESSOR_DEFINITIONS = (
					"DEBUG=1",
					"$(inherited)",
				);
				GCC_WARN_64_TO_32_BIT_CONVERSION = YES;
				GCC_WARN_ABOUT_RETURN_TYPE = YES_ERROR;
				GCC_WARN_UNDECLARED_SELECTOR = YES;
				GCC_WARN_UNINITIALIZED_AUTOS = YES_AGGRESSIVE;
				GCC_WARN_UNUSED_FUNCTION = YES;
				GCC_WARN_UNUSED_VARIABLE = YES;
				IPHONEOS_DEPLOYMENT_TARGET = 14.5;
				MTL_ENABLE_DEBUG_INFO = INCLUDE_SOURCE;
				MTL_FAST_MATH = YES;
				ONLY_ACTIVE_ARCH = YES;
				SDKROOT = iphoneos;
				SWIFT_ACTIVE_COMPILATION_CONDITIONS = DEBUG;
				SWIFT_OPTIMIZATION_LEVEL = "-Onone";
			};
			name = Debug;
		};
		8DA88089269C060C0073B5DE /* Release */ = {
			isa = XCBuildConfiguration;
			buildSettings = {
				ALWAYS_SEARCH_USER_PATHS = NO;
				CLANG_ANALYZER_NONNULL = YES;
				CLANG_ANALYZER_NUMBER_OBJECT_CONVERSION = YES_AGGRESSIVE;
				CLANG_CXX_LANGUAGE_STANDARD = "gnu++14";
				CLANG_CXX_LIBRARY = "libc++";
				CLANG_ENABLE_MODULES = YES;
				CLANG_ENABLE_OBJC_ARC = YES;
				CLANG_ENABLE_OBJC_WEAK = YES;
				CLANG_WARN_BLOCK_CAPTURE_AUTORELEASING = YES;
				CLANG_WARN_BOOL_CONVERSION = YES;
				CLANG_WARN_COMMA = YES;
				CLANG_WARN_CONSTANT_CONVERSION = YES;
				CLANG_WARN_DEPRECATED_OBJC_IMPLEMENTATIONS = YES;
				CLANG_WARN_DIRECT_OBJC_ISA_USAGE = YES_ERROR;
				CLANG_WARN_DOCUMENTATION_COMMENTS = YES;
				CLANG_WARN_EMPTY_BODY = YES;
				CLANG_WARN_ENUM_CONVERSION = YES;
				CLANG_WARN_INFINITE_RECURSION = YES;
				CLANG_WARN_INT_CONVERSION = YES;
				CLANG_WARN_NON_LITERAL_NULL_CONVERSION = YES;
				CLANG_WARN_OBJC_IMPLICIT_RETAIN_SELF = YES;
				CLANG_WARN_OBJC_LITERAL_CONVERSION = YES;
				CLANG_WARN_OBJC_ROOT_CLASS = YES_ERROR;
				CLANG_WARN_QUOTED_INCLUDE_IN_FRAMEWORK_HEADER = YES;
				CLANG_WARN_RANGE_LOOP_ANALYSIS = YES;
				CLANG_WARN_STRICT_PROTOTYPES = YES;
				CLANG_WARN_SUSPICIOUS_MOVE = YES;
				CLANG_WARN_UNGUARDED_AVAILABILITY = YES_AGGRESSIVE;
				CLANG_WARN_UNREACHABLE_CODE = YES;
				CLANG_WARN__DUPLICATE_METHOD_MATCH = YES;
				COPY_PHASE_STRIP = NO;
				DEBUG_INFORMATION_FORMAT = "dwarf-with-dsym";
				ENABLE_NS_ASSERTIONS = NO;
				ENABLE_STRICT_OBJC_MSGSEND = YES;
				GCC_C_LANGUAGE_STANDARD = gnu11;
				GCC_NO_COMMON_BLOCKS = YES;
				GCC_WARN_64_TO_32_BIT_CONVERSION = YES;
				GCC_WARN_ABOUT_RETURN_TYPE = YES_ERROR;
				GCC_WARN_UNDECLARED_SELECTOR = YES;
				GCC_WARN_UNINITIALIZED_AUTOS = YES_AGGRESSIVE;
				GCC_WARN_UNUSED_FUNCTION = YES;
				GCC_WARN_UNUSED_VARIABLE = YES;
				IPHONEOS_DEPLOYMENT_TARGET = 14.5;
				MTL_ENABLE_DEBUG_INFO = NO;
				MTL_FAST_MATH = YES;
				SDKROOT = iphoneos;
				SWIFT_COMPILATION_MODE = wholemodule;
				SWIFT_OPTIMIZATION_LEVEL = "-O";
				VALIDATE_PRODUCT = YES;
			};
			name = Release;
		};
		8DA8808B269C060C0073B5DE /* Debug */ = {
			isa = XCBuildConfiguration;
			buildSettings = {
				ASSETCATALOG_COMPILER_APPICON_NAME = AppIcon;
				ASSETCATALOG_COMPILER_GLOBAL_ACCENT_COLOR_NAME = AccentColor;
				CODE_SIGN_STYLE = Automatic;
				DEVELOPMENT_TEAM = M42X6KTX7A;
				INFOPLIST_FILE = Clima/Info.plist;
				IPHONEOS_DEPLOYMENT_TARGET = 13.0;
				LD_RUNPATH_SEARCH_PATHS = (
					"$(inherited)",
					"@executable_path/Frameworks",
				);
				PRODUCT_BUNDLE_IDENTIFIER = com.ritu.Clima;
				PRODUCT_NAME = "$(TARGET_NAME)";
				SWIFT_VERSION = 5.0;
				TARGETED_DEVICE_FAMILY = "1,2";
			};
			name = Debug;
		};
		8DA8808C269C060C0073B5DE /* Release */ = {
			isa = XCBuildConfiguration;
			buildSettings = {
				ASSETCATALOG_COMPILER_APPICON_NAME = AppIcon;
				ASSETCATALOG_COMPILER_GLOBAL_ACCENT_COLOR_NAME = AccentColor;
				CODE_SIGN_STYLE = Automatic;
				DEVELOPMENT_TEAM = M42X6KTX7A;
				INFOPLIST_FILE = Clima/Info.plist;
				IPHONEOS_DEPLOYMENT_TARGET = 13.0;
				LD_RUNPATH_SEARCH_PATHS = (
					"$(inherited)",
					"@executable_path/Frameworks",
				);
				PRODUCT_BUNDLE_IDENTIFIER = com.ritu.Clima;
				PRODUCT_NAME = "$(TARGET_NAME)";
				SWIFT_VERSION = 5.0;
				TARGETED_DEVICE_FAMILY = "1,2";
			};
			name = Release;
		};
/* End XCBuildConfiguration section */

/* Begin XCConfigurationList section */
		8DA88071269C060A0073B5DE /* Build configuration list for PBXProject "Clima" */ = {
			isa = XCConfigurationList;
			buildConfigurations = (
				8DA88088269C060C0073B5DE /* Debug */,
				8DA88089269C060C0073B5DE /* Release */,
			);
			defaultConfigurationIsVisible = 0;
			defaultConfigurationName = Release;
		};
		8DA8808A269C060C0073B5DE /* Build configuration list for PBXNativeTarget "Clima" */ = {
			isa = XCConfigurationList;
			buildConfigurations = (
				8DA8808B269C060C0073B5DE /* Debug */,
				8DA8808C269C060C0073B5DE /* Release */,
			);
			defaultConfigurationIsVisible = 0;
			defaultConfigurationName = Release;
		};
/* End XCConfigurationList section */
	};
	rootObject = 8DA8806E269C060A0073B5DE /* Project object */;
}
